
Microsoft Visual Studio Solution File, Format Version 12.00
# Visual Studio Version 17
VisualStudioVersion = 17.4.33213.308
MinimumVisualStudioVersion = 10.0.40219.1
Project("{FAE04EC0-301F-11D3-BF4B-00C04F79EFBC}") = "Prova_17_04_Guilherme_Vitor", "Prova_17_04_Guilherme_Vitor\Prova_17_04_Guilherme_Vitor.csproj", "{789CF554-9810-4357-99FB-70D858F3A714}"
EndProject
Global
	GlobalSection(SolutionConfigurationPlatforms) = preSolution
		Debug|Any CPU = Debug|Any CPU
		Release|Any CPU = Release|Any CPU
	EndGlobalSection
	GlobalSection(ProjectConfigurationPlatforms) = postSolution
		{789CF554-9810-4357-99FB-70D858F3A714}.Debug|Any CPU.ActiveCfg = Debug|Any CPU
		{789CF554-9810-4357-99FB-70D858F3A714}.Debug|Any CPU.Build.0 = Debug|Any CPU
		{789CF554-9810-4357-99FB-70D858F3A714}.Release|Any CPU.ActiveCfg = Release|Any CPU
		{789CF554-9810-4357-99FB-70D858F3A714}.Release|Any CPU.Build.0 = Release|Any CPU
	EndGlobalSection
	GlobalSection(SolutionProperties) = preSolution
		HideSolutionNode = FALSE
	EndGlobalSection
	GlobalSection(ExtensibilityGlobals) = postSolution
		SolutionGuid = {B2B3982D-D8D8-4DE2-B554-2AF9AF4D4ABF}
	EndGlobalSection
EndGlobal
